
Microsoft Visual Studio Solution File, Format Version 12.00
# Visual Studio Version 17
VisualStudioVersion = 17.0.31903.59
MinimumVisualStudioVersion = 10.0.40219.1
Project("{2150E333-8FDC-42A3-9474-1A3956D46DE8}") = "src", "src", "{827E0CD3-B72D-47B6-A68D-7590B98EB39B}"
EndProject
Project("{FAE04EC0-301F-11D3-BF4B-00C04F79EFBC}") = "ProjectPricing.Api", "src\ProjectPricing.Api\ProjectPricing.Api.csproj", "{5E3B440F-A0C7-43F5-B111-1C807AD4B7A4}"
EndProject
Project("{FAE04EC0-301F-11D3-BF4B-00C04F79EFBC}") = "ProjectPricing.Aplicacao", "src\ProjectPricing.Aplicacao\ProjectPricing.Aplicacao.csproj", "{78A9B688-7A4E-4308-B479-13B9311387C1}"
EndProject
Project("{FAE04EC0-301F-11D3-BF4B-00C04F79EFBC}") = "ProjectPricing.Dominio", "src\ProjectPricing.Dominio\ProjectPricing.Dominio.csproj", "{C68422BD-2FB1-45E3-ABC1-B06A174BEB19}"
EndProject
Project("{FAE04EC0-301F-11D3-BF4B-00C04F79EFBC}") = "ProjectPricing.Infraestrutura", "src\ProjectPricing.Infraestrutura\ProjectPricing.Infraestrutura.csproj", "{2F8DA0BC-664C-4A3C-9F5A-865A0DEE0EEF}"
EndProject
Project("{2150E333-8FDC-42A3-9474-1A3956D46DE8}") = "tests", "tests", "{0AB3BF05-4346-4AA6-1389-037BE0695223}"
EndProject
Project("{FAE04EC0-301F-11D3-BF4B-00C04F79EFBC}") = "ProjectPricing.Api.Tests", "tests\ProjectPricing.Api.Tests\ProjectPricing.Api.Tests.csproj", "{9C41B2CF-1A48-493A-8E4A-A84AC8D0CD18}"
EndProject
Project("{FAE04EC0-301F-11D3-BF4B-00C04F79EFBC}") = "ProjectPricing.Aplicacao.Tests", "tests\ProjectPricing.Aplicacao.Tests\ProjectPricing.Aplicacao.Tests.csproj", "{4F0EA5E7-B166-4CD4-9414-A4D0FFCA97A0}"
EndProject
Project("{FAE04EC0-301F-11D3-BF4B-00C04F79EFBC}") = "ProjectPricing.Dominio.Tests", "tests\ProjectPricing.Dominio.Tests\ProjectPricing.Dominio.Tests.csproj", "{37D1EF92-8735-4FF2-BA5A-C8C266B1CB15}"
EndProject
Project("{FAE04EC0-301F-11D3-BF4B-00C04F79EFBC}") = "ProjectPricing.Infraestrutura.Tests", "tests\ProjectPricing.Infraestrutura.Tests\ProjectPricing.Infraestrutura.Tests.csproj", "{13498233-C450-48B8-82A4-8897EE22DBA8}"
EndProject
Global
	GlobalSection(SolutionConfigurationPlatforms) = preSolution
		Debug|Any CPU = Debug|Any CPU
		Debug|x64 = Debug|x64
		Debug|x86 = Debug|x86
		Release|Any CPU = Release|Any CPU
		Release|x64 = Release|x64
		Release|x86 = Release|x86
	EndGlobalSection
	GlobalSection(ProjectConfigurationPlatforms) = postSolution
		{5E3B440F-A0C7-43F5-B111-1C807AD4B7A4}.Debug|Any CPU.ActiveCfg = Debug|Any CPU
		{5E3B440F-A0C7-43F5-B111-1C807AD4B7A4}.Debug|Any CPU.Build.0 = Debug|Any CPU
		{5E3B440F-A0C7-43F5-B111-1C807AD4B7A4}.Debug|x64.ActiveCfg = Debug|Any CPU
		{5E3B440F-A0C7-43F5-B111-1C807AD4B7A4}.Debug|x64.Build.0 = Debug|Any CPU
		{5E3B440F-A0C7-43F5-B111-1C807AD4B7A4}.Debug|x86.ActiveCfg = Debug|Any CPU
		{5E3B440F-A0C7-43F5-B111-1C807AD4B7A4}.Debug|x86.Build.0 = Debug|Any CPU
		{5E3B440F-A0C7-43F5-B111-1C807AD4B7A4}.Release|Any CPU.ActiveCfg = Release|Any CPU
		{5E3B440F-A0C7-43F5-B111-1C807AD4B7A4}.Release|Any CPU.Build.0 = Release|Any CPU
		{5E3B440F-A0C7-43F5-B111-1C807AD4B7A4}.Release|x64.ActiveCfg = Release|Any CPU
		{5E3B440F-A0C7-43F5-B111-1C807AD4B7A4}.Release|x64.Build.0 = Release|Any CPU
		{5E3B440F-A0C7-43F5-B111-1C807AD4B7A4}.Release|x86.ActiveCfg = Release|Any CPU
		{5E3B440F-A0C7-43F5-B111-1C807AD4B7A4}.Release|x86.Build.0 = Release|Any CPU
		{78A9B688-7A4E-4308-B479-13B9311387C1}.Debug|Any CPU.ActiveCfg = Debug|Any CPU
		{78A9B688-7A4E-4308-B479-13B9311387C1}.Debug|Any CPU.Build.0 = Debug|Any CPU
		{78A9B688-7A4E-4308-B479-13B9311387C1}.Debug|x64.ActiveCfg = Debug|Any CPU
		{78A9B688-7A4E-4308-B479-13B9311387C1}.Debug|x64.Build.0 = Debug|Any CPU
		{78A9B688-7A4E-4308-B479-13B9311387C1}.Debug|x86.ActiveCfg = Debug|Any CPU
		{78A9B688-7A4E-4308-B479-13B9311387C1}.Debug|x86.Build.0 = Debug|Any CPU
		{78A9B688-7A4E-4308-B479-13B9311387C1}.Release|Any CPU.ActiveCfg = Release|Any CPU
		{78A9B688-7A4E-4308-B479-13B9311387C1}.Release|Any CPU.Build.0 = Release|Any CPU
		{78A9B688-7A4E-4308-B479-13B9311387C1}.Release|x64.ActiveCfg = Release|Any CPU
		{78A9B688-7A4E-4308-B479-13B9311387C1}.Release|x64.Build.0 = Release|Any CPU
		{78A9B688-7A4E-4308-B479-13B9311387C1}.Release|x86.ActiveCfg = Release|Any CPU
		{78A9B688-7A4E-4308-B479-13B9311387C1}.Release|x86.Build.0 = Release|Any CPU
		{C68422BD-2FB1-45E3-ABC1-B06A174BEB19}.Debug|Any CPU.ActiveCfg = Debug|Any CPU
		{C68422BD-2FB1-45E3-ABC1-B06A174BEB19}.Debug|Any CPU.Build.0 = Debug|Any CPU
		{C68422BD-2FB1-45E3-ABC1-B06A174BEB19}.Debug|x64.ActiveCfg = Debug|Any CPU
		{C68422BD-2FB1-45E3-ABC1-B06A174BEB19}.Debug|x64.Build.0 = Debug|Any CPU
		{C68422BD-2FB1-45E3-ABC1-B06A174BEB19}.Debug|x86.ActiveCfg = Debug|Any CPU
		{C68422BD-2FB1-45E3-ABC1-B06A174BEB19}.Debug|x86.Build.0 = Debug|Any CPU
		{C68422BD-2FB1-45E3-ABC1-B06A174BEB19}.Release|Any CPU.ActiveCfg = Release|Any CPU
		{C68422BD-2FB1-45E3-ABC1-B06A174BEB19}.Release|Any CPU.Build.0 = Release|Any CPU
		{C68422BD-2FB1-45E3-ABC1-B06A174BEB19}.Release|x64.ActiveCfg = Release|Any CPU
		{C68422BD-2FB1-45E3-ABC1-B06A174BEB19}.Release|x64.Build.0 = Release|Any CPU
		{C68422BD-2FB1-45E3-ABC1-B06A174BEB19}.Release|x86.ActiveCfg = Release|Any CPU
		{C68422BD-2FB1-45E3-ABC1-B06A174BEB19}.Release|x86.Build.0 = Release|Any CPU
		{2F8DA0BC-664C-4A3C-9F5A-865A0DEE0EEF}.Debug|Any CPU.ActiveCfg = Debug|Any CPU
		{2F8DA0BC-664C-4A3C-9F5A-865A0DEE0EEF}.Debug|Any CPU.Build.0 = Debug|Any CPU
		{2F8DA0BC-664C-4A3C-9F5A-865A0DEE0EEF}.Debug|x64.ActiveCfg = Debug|Any CPU
		{2F8DA0BC-664C-4A3C-9F5A-865A0DEE0EEF}.Debug|x64.Build.0 = Debug|Any CPU
		{2F8DA0BC-664C-4A3C-9F5A-865A0DEE0EEF}.Debug|x86.ActiveCfg = Debug|Any CPU
		{2F8DA0BC-664C-4A3C-9F5A-865A0DEE0EEF}.Debug|x86.Build.0 = Debug|Any CPU
		{2F8DA0BC-664C-4A3C-9F5A-865A0DEE0EEF}.Release|Any CPU.ActiveCfg = Release|Any CPU
		{2F8DA0BC-664C-4A3C-9F5A-865A0DEE0EEF}.Release|Any CPU.Build.0 = Release|Any CPU
		{2F8DA0BC-664C-4A3C-9F5A-865A0DEE0EEF}.Release|x64.ActiveCfg = Release|Any CPU
		{2F8DA0BC-664C-4A3C-9F5A-865A0DEE0EEF}.Release|x64.Build.0 = Release|Any CPU
		{2F8DA0BC-664C-4A3C-9F5A-865A0DEE0EEF}.Release|x86.ActiveCfg = Release|Any CPU
		{2F8DA0BC-664C-4A3C-9F5A-865A0DEE0EEF}.Release|x86.Build.0 = Release|Any CPU
		{9C41B2CF-1A48-493A-8E4A-A84AC8D0CD18}.Debug|Any CPU.ActiveCfg = Debug|Any CPU
		{9C41B2CF-1A48-493A-8E4A-A84AC8D0CD18}.Debug|Any CPU.Build.0 = Debug|Any CPU
		{9C41B2CF-1A48-493A-8E4A-A84AC8D0CD18}.Debug|x64.ActiveCfg = Debug|Any CPU
		{9C41B2CF-1A48-493A-8E4A-A84AC8D0CD18}.Debug|x64.Build.0 = Debug|Any CPU
		{9C41B2CF-1A48-493A-8E4A-A84AC8D0CD18}.Debug|x86.ActiveCfg = Debug|Any CPU
		{9C41B2CF-1A48-493A-8E4A-A84AC8D0CD18}.Debug|x86.Build.0 = Debug|Any CPU
		{9C41B2CF-1A48-493A-8E4A-A84AC8D0CD18}.Release|Any CPU.ActiveCfg = Release|Any CPU
		{9C41B2CF-1A48-493A-8E4A-A84AC8D0CD18}.Release|Any CPU.Build.0 = Release|Any CPU
		{9C41B2CF-1A48-493A-8E4A-A84AC8D0CD18}.Release|x64.ActiveCfg = Release|Any CPU
		{9C41B2CF-1A48-493A-8E4A-A84AC8D0CD18}.Release|x64.Build.0 = Release|Any CPU
		{9C41B2CF-1A48-493A-8E4A-A84AC8D0CD18}.Release|x86.ActiveCfg = Release|Any CPU
		{9C41B2CF-1A48-493A-8E4A-A84AC8D0CD18}.Release|x86.Build.0 = Release|Any CPU
		{4F0EA5E7-B166-4CD4-9414-A4D0FFCA97A0}.Debug|Any CPU.ActiveCfg = Debug|Any CPU
		{4F0EA5E7-B166-4CD4-9414-A4D0FFCA97A0}.Debug|Any CPU.Build.0 = Debug|Any CPU
		{4F0EA5E7-B166-4CD4-9414-A4D0FFCA97A0}.Debug|x64.ActiveCfg = Debug|Any CPU
		{4F0EA5E7-B166-4CD4-9414-A4D0FFCA97A0}.Debug|x64.Build.0 = Debug|Any CPU
		{4F0EA5E7-B166-4CD4-9414-A4D0FFCA97A0}.Debug|x86.ActiveCfg = Debug|Any CPU
		{4F0EA5E7-B166-4CD4-9414-A4D0FFCA97A0}.Debug|x86.Build.0 = Debug|Any CPU
		{4F0EA5E7-B166-4CD4-9414-A4D0FFCA97A0}.Release|Any CPU.ActiveCfg = Release|Any CPU
		{4F0EA5E7-B166-4CD4-9414-A4D0FFCA97A0}.Release|Any CPU.Build.0 = Release|Any CPU
		{4F0EA5E7-B166-4CD4-9414-A4D0FFCA97A0}.Release|x64.ActiveCfg = Release|Any CPU
		{4F0EA5E7-B166-4CD4-9414-A4D0FFCA97A0}.Release|x64.Build.0 = Release|Any CPU
		{4F0EA5E7-B166-4CD4-9414-A4D0FFCA97A0}.Release|x86.ActiveCfg = Release|Any CPU
		{4F0EA5E7-B166-4CD4-9414-A4D0FFCA97A0}.Release|x86.Build.0 = Release|Any CPU
		{37D1EF92-8735-4FF2-BA5A-C8C266B1CB15}.Debug|Any CPU.ActiveCfg = Debug|Any CPU
		{37D1EF92-8735-4FF2-BA5A-C8C266B1CB15}.Debug|Any CPU.Build.0 = Debug|Any CPU
		{37D1EF92-8735-4FF2-BA5A-C8C266B1CB15}.Debug|x64.ActiveCfg = Debug|Any CPU
		{37D1EF92-8735-4FF2-BA5A-C8C266B1CB15}.Debug|x64.Build.0 = Debug|Any CPU
		{37D1EF92-8735-4FF2-BA5A-C8C266B1CB15}.Debug|x86.ActiveCfg = Debug|Any CPU
		{37D1EF92-8735-4FF2-BA5A-C8C266B1CB15}.Debug|x86.Build.0 = Debug|Any CPU
		{37D1EF92-8735-4FF2-BA5A-C8C266B1CB15}.Release|Any CPU.ActiveCfg = Release|Any CPU
		{37D1EF92-8735-4FF2-BA5A-C8C266B1CB15}.Release|Any CPU.Build.0 = Release|Any CPU
		{37D1EF92-8735-4FF2-BA5A-C8C266B1CB15}.Release|x64.ActiveCfg = Release|Any CPU
		{37D1EF92-8735-4FF2-BA5A-C8C266B1CB15}.Release|x64.Build.0 = Release|Any CPU
		{37D1EF92-8735-4FF2-BA5A-C8C266B1CB15}.Release|x86.ActiveCfg = Release|Any CPU
		{37D1EF92-8735-4FF2-BA5A-C8C266B1CB15}.Release|x86.Build.0 = Release|Any CPU
		{13498233-C450-48B8-82A4-8897EE22DBA8}.Debug|Any CPU.ActiveCfg = Debug|Any CPU
		{13498233-C450-48B8-82A4-8897EE22DBA8}.Debug|Any CPU.Build.0 = Debug|Any CPU
		{13498233-C450-48B8-82A4-8897EE22DBA8}.Debug|x64.ActiveCfg = Debug|Any CPU
		{13498233-C450-48B8-82A4-8897EE22DBA8}.Debug|x64.Build.0 = Debug|Any CPU
		{13498233-C450-48B8-82A4-8897EE22DBA8}.Debug|x86.ActiveCfg = Debug|Any CPU
		{13498233-C450-48B8-82A4-8897EE22DBA8}.Debug|x86.Build.0 = Debug|Any CPU
		{13498233-C450-48B8-82A4-8897EE22DBA8}.Release|Any CPU.ActiveCfg = Release|Any CPU
		{13498233-C450-48B8-82A4-8897EE22DBA8}.Release|Any CPU.Build.0 = Release|Any CPU
		{13498233-C450-48B8-82A4-8897EE22DBA8}.Release|x64.ActiveCfg = Release|Any CPU
		{13498233-C450-48B8-82A4-8897EE22DBA8}.Release|x64.Build.0 = Release|Any CPU
		{13498233-C450-48B8-82A4-8897EE22DBA8}.Release|x86.ActiveCfg = Release|Any CPU
		{13498233-C450-48B8-82A4-8897EE22DBA8}.Release|x86.Build.0 = Release|Any CPU
	EndGlobalSection
	GlobalSection(SolutionProperties) = preSolution
		HideSolutionNode = FALSE
	EndGlobalSection
	GlobalSection(NestedProjects) = preSolution
		{5E3B440F-A0C7-43F5-B111-1C807AD4B7A4} = {827E0CD3-B72D-47B6-A68D-7590B98EB39B}
		{78A9B688-7A4E-4308-B479-13B9311387C1} = {827E0CD3-B72D-47B6-A68D-7590B98EB39B}
		{C68422BD-2FB1-45E3-ABC1-B06A174BEB19} = {827E0CD3-B72D-47B6-A68D-7590B98EB39B}
		{2F8DA0BC-664C-4A3C-9F5A-865A0DEE0EEF} = {827E0CD3-B72D-47B6-A68D-7590B98EB39B}
		{9C41B2CF-1A48-493A-8E4A-A84AC8D0CD18} = {0AB3BF05-4346-4AA6-1389-037BE0695223}
		{4F0EA5E7-B166-4CD4-9414-A4D0FFCA97A0} = {0AB3BF05-4346-4AA6-1389-037BE0695223}
		{37D1EF92-8735-4FF2-BA5A-C8C266B1CB15} = {0AB3BF05-4346-4AA6-1389-037BE0695223}
		{13498233-C450-48B8-82A4-8897EE22DBA8} = {0AB3BF05-4346-4AA6-1389-037BE0695223}
	EndGlobalSection
EndGlobal
